
Microsoft Visual Studio Solution File, Format Version 12.00
# Visual Studio Version 17
VisualStudioVersion = 17.1.32421.90
MinimumVisualStudioVersion = 10.0.40219.1
Project("{FAE04EC0-301F-11D3-BF4B-00C04F79EFBC}") = "DistributedCache-NCache", "DistributedCache-NCache\DistributedCache-NCache.csproj", "{895800F4-47DE-4887-8A95-8EEA68E899EC}"
EndProject
Global
	GlobalSection(SolutionConfigurationPlatforms) = preSolution
		Debug|Any CPU = Debug|Any CPU
		Release|Any CPU = Release|Any CPU
	EndGlobalSection
	GlobalSection(ProjectConfigurationPlatforms) = postSolution
		{895800F4-47DE-4887-8A95-8EEA68E899EC}.Debug|Any CPU.ActiveCfg = Debug|Any CPU
		{895800F4-47DE-4887-8A95-8EEA68E899EC}.Debug|Any CPU.Build.0 = Debug|Any CPU
		{895800F4-47DE-4887-8A95-8EEA68E899EC}.Release|Any CPU.ActiveCfg = Release|Any CPU
		{895800F4-47DE-4887-8A95-8EEA68E899EC}.Release|Any CPU.Build.0 = Release|Any CPU
	EndGlobalSection
	GlobalSection(SolutionProperties) = preSolution
		HideSolutionNode = FALSE
	EndGlobalSection
	GlobalSection(ExtensibilityGlobals) = postSolution
		SolutionGuid = {44EE6EEC-26BC-49CE-97E5-88335F114967}
	EndGlobalSection
EndGlobal
